sonata_block:
    default_contexts:
        - cms
        - admin
    blocks:
        App\Block\Admin\PageStatisticsBlock:
            context: admin
            templates:
               - { name: 'Simple', template: '@AcmeDemo/Block/demo_simple.html.twig' }
               - { name: 'Big',    template: '@AcmeDemo/Block/demo_big.html.twig' }
